
Microsoft Visual Studio Solution File, Format Version 12.00
# Visual Studio Version 17
VisualStudioVersion = 17.4.33110.190
MinimumVisualStudioVersion = 10.0.40219.1
Project("{FAE04EC0-301F-11D3-BF4B-00C04F79EFBC}") = "ChatGPTMosaic", "ChatGPTMosaic\ChatGPTMosaic.csproj", "{21EB3ED0-1778-4ADD-8CBA-ED3914CB7704}"
EndProject
Project("{FAE04EC0-301F-11D3-BF4B-00C04F79EFBC}") = "ChatGPTMosaicWindows", "ChatGPTMosaicWindows\ChatGPTMosaicWindows.csproj", "{0A0ABE6A-8A4C-4FC5-8E2B-8419E6DCC69C}"
EndProject
Global
	GlobalSection(SolutionConfigurationPlatforms) = preSolution
		Debug|Any CPU = Debug|Any CPU
		Release|Any CPU = Release|Any CPU
	EndGlobalSection
	GlobalSection(ProjectConfigurationPlatforms) = postSolution
		{21EB3ED0-1778-4ADD-8CBA-ED3914CB7704}.Debug|Any CPU.ActiveCfg = Debug|Any CPU
		{21EB3ED0-1778-4ADD-8CBA-ED3914CB7704}.Debug|Any CPU.Build.0 = Debug|Any CPU
		{21EB3ED0-1778-4ADD-8CBA-ED3914CB7704}.Release|Any CPU.ActiveCfg = Release|Any CPU
		{21EB3ED0-1778-4ADD-8CBA-ED3914CB7704}.Release|Any CPU.Build.0 = Release|Any CPU
		{0A0ABE6A-8A4C-4FC5-8E2B-8419E6DCC69C}.Debug|Any CPU.ActiveCfg = Debug|Any CPU
		{0A0ABE6A-8A4C-4FC5-8E2B-8419E6DCC69C}.Debug|Any CPU.Build.0 = Debug|Any CPU
		{0A0ABE6A-8A4C-4FC5-8E2B-8419E6DCC69C}.Release|Any CPU.ActiveCfg = Release|Any CPU
		{0A0ABE6A-8A4C-4FC5-8E2B-8419E6DCC69C}.Release|Any CPU.Build.0 = Release|Any CPU
	EndGlobalSection
	GlobalSection(SolutionProperties) = preSolution
		HideSolutionNode = FALSE
	EndGlobalSection
	GlobalSection(ExtensibilityGlobals) = postSolution
		SolutionGuid = {092CC338-A180-4521-9451-DA57E9E4377F}
	EndGlobalSection
EndGlobal
